
Microsoft Visual Studio Solution File, Format Version 12.00
# Visual Studio 15
VisualStudioVersion = 15.0.34031.82
MinimumVisualStudioVersion = 10.0.40219.1
Project("{8BC9CEB8-8B4A-11D0-8D11-00A0C91BC942}") = "13", "13\13.vcxproj", "{03776363-D9C3-4D84-8AB8-6124CFD2EADC}"
EndProject
Global
	GlobalSection(SolutionConfigurationPlatforms) = preSolution
		Debug|x64 = Debug|x64
		Debug|x86 = Debug|x86
		Release|x64 = Release|x64
		Release|x86 = Release|x86
	EndGlobalSection
	GlobalSection(ProjectConfigurationPlatforms) = postSolution
		{03776363-D9C3-4D84-8AB8-6124CFD2EADC}.Debug|x64.ActiveCfg = Debug|x64
		{03776363-D9C3-4D84-8AB8-6124CFD2EADC}.Debug|x64.Build.0 = Debug|x64
		{03776363-D9C3-4D84-8AB8-6124CFD2EADC}.Debug|x86.ActiveCfg = Debug|Win32
		{03776363-D9C3-4D84-8AB8-6124CFD2EADC}.Debug|x86.Build.0 = Debug|Win32
		{03776363-D9C3-4D84-8AB8-6124CFD2EADC}.Release|x64.ActiveCfg = Release|x64
		{03776363-D9C3-4D84-8AB8-6124CFD2EADC}.Release|x64.Build.0 = Release|x64
		{03776363-D9C3-4D84-8AB8-6124CFD2EADC}.Release|x86.ActiveCfg = Release|Win32
		{03776363-D9C3-4D84-8AB8-6124CFD2EADC}.Release|x86.Build.0 = Release|Win32
	EndGlobalSection
	GlobalSection(SolutionProperties) = preSolution
		HideSolutionNode = FALSE
	EndGlobalSection
	GlobalSection(ExtensibilityGlobals) = postSolution
		SolutionGuid = {0958017E-8129-454B-AAED-5D6502874F2E}
	EndGlobalSection
EndGlobal
